
Microsoft Visual Studio Solution File, Format Version 12.00
# Visual Studio Version 16
VisualStudioVersion = 16.0.29613.14
MinimumVisualStudioVersion = 10.0.40219.1
Project("{FAE04EC0-301F-11D3-BF4B-00C04F79EFBC}") = "AbstractAssgn", "AbstractAssgn.csproj", "{427DD8EB-4333-4F49-B314-7B580BD230ED}"
EndProject
Global
	GlobalSection(SolutionConfigurationPlatforms) = preSolution
		Debug|Any CPU = Debug|Any CPU
		Release|Any CPU = Release|Any CPU
	EndGlobalSection
	GlobalSection(ProjectConfigurationPlatforms) = postSolution
		{427DD8EB-4333-4F49-B314-7B580BD230ED}.Debug|Any CPU.ActiveCfg = Debug|Any CPU
		{427DD8EB-4333-4F49-B314-7B580BD230ED}.Debug|Any CPU.Build.0 = Debug|Any CPU
		{427DD8EB-4333-4F49-B314-7B580BD230ED}.Release|Any CPU.ActiveCfg = Release|Any CPU
		{427DD8EB-4333-4F49-B314-7B580BD230ED}.Release|Any CPU.Build.0 = Release|Any CPU
	EndGlobalSection
	GlobalSection(SolutionProperties) = preSolution
		HideSolutionNode = FALSE
	EndGlobalSection
	GlobalSection(ExtensibilityGlobals) = postSolution
		SolutionGuid = {27CB2A16-62BC-46FD-BFA6-F2E18D10799B}
	EndGlobalSection
EndGlobal
