
Microsoft Visual Studio Solution File, Format Version 12.00
# Visual Studio Version 16
VisualStudioVersion = 16.0.29613.14
MinimumVisualStudioVersion = 10.0.40219.1
Project("{FAE04EC0-301F-11D3-BF4B-00C04F79EFBC}") = "Assignment", "Assignment.csproj", "{EDFFBB7D-BCA4-4B97-800E-E6C989037CFF}"
EndProject
Global
	GlobalSection(SolutionConfigurationPlatforms) = preSolution
		Debug|Any CPU = Debug|Any CPU
		Release|Any CPU = Release|Any CPU
	EndGlobalSection
	GlobalSection(ProjectConfigurationPlatforms) = postSolution
		{EDFFBB7D-BCA4-4B97-800E-E6C989037CFF}.Debug|Any CPU.ActiveCfg = Debug|Any CPU
		{EDFFBB7D-BCA4-4B97-800E-E6C989037CFF}.Debug|Any CPU.Build.0 = Debug|Any CPU
		{EDFFBB7D-BCA4-4B97-800E-E6C989037CFF}.Release|Any CPU.ActiveCfg = Release|Any CPU
		{EDFFBB7D-BCA4-4B97-800E-E6C989037CFF}.Release|Any CPU.Build.0 = Release|Any CPU
	EndGlobalSection
	GlobalSection(SolutionProperties) = preSolution
		HideSolutionNode = FALSE
	EndGlobalSection
	GlobalSection(ExtensibilityGlobals) = postSolution
		SolutionGuid = {E574FFB5-6C69-4AA8-8B5A-255CF15E1BFE}
	EndGlobalSection
EndGlobal
