
Microsoft Visual Studio Solution File, Format Version 12.00
# Visual Studio Version 16
VisualStudioVersion = 16.0.29613.14
MinimumVisualStudioVersion = 10.0.40219.1
Project("{FAE04EC0-301F-11D3-BF4B-00C04F79EFBC}") = "HtmlTable", "HtmlTable.csproj", "{65F5DFA7-1F18-4142-8655-A4C50B19895A}"
EndProject
Global
	GlobalSection(SolutionConfigurationPlatforms) = preSolution
		Debug|Any CPU = Debug|Any CPU
		Release|Any CPU = Release|Any CPU
	EndGlobalSection
	GlobalSection(ProjectConfigurationPlatforms) = postSolution
		{65F5DFA7-1F18-4142-8655-A4C50B19895A}.Debug|Any CPU.ActiveCfg = Debug|Any CPU
		{65F5DFA7-1F18-4142-8655-A4C50B19895A}.Debug|Any CPU.Build.0 = Debug|Any CPU
		{65F5DFA7-1F18-4142-8655-A4C50B19895A}.Release|Any CPU.ActiveCfg = Release|Any CPU
		{65F5DFA7-1F18-4142-8655-A4C50B19895A}.Release|Any CPU.Build.0 = Release|Any CPU
	EndGlobalSection
	GlobalSection(SolutionProperties) = preSolution
		HideSolutionNode = FALSE
	EndGlobalSection
	GlobalSection(ExtensibilityGlobals) = postSolution
		SolutionGuid = {5B59F051-5FD5-4C13-94C2-D0A5A260A55B}
	EndGlobalSection
EndGlobal
