
Microsoft Visual Studio Solution File, Format Version 12.00
# Visual Studio Version 16
VisualStudioVersion = 16.0.29613.14
MinimumVisualStudioVersion = 10.0.40219.1
Project("{FAE04EC0-301F-11D3-BF4B-00C04F79EFBC}") = "Htmlassgn", "Htmlassgn.csproj", "{2523115E-5420-43E4-9837-EEA35583CEC7}"
EndProject
Global
	GlobalSection(SolutionConfigurationPlatforms) = preSolution
		Debug|Any CPU = Debug|Any CPU
		Release|Any CPU = Release|Any CPU
	EndGlobalSection
	GlobalSection(ProjectConfigurationPlatforms) = postSolution
		{2523115E-5420-43E4-9837-EEA35583CEC7}.Debug|Any CPU.ActiveCfg = Debug|Any CPU
		{2523115E-5420-43E4-9837-EEA35583CEC7}.Debug|Any CPU.Build.0 = Debug|Any CPU
		{2523115E-5420-43E4-9837-EEA35583CEC7}.Release|Any CPU.ActiveCfg = Release|Any CPU
		{2523115E-5420-43E4-9837-EEA35583CEC7}.Release|Any CPU.Build.0 = Release|Any CPU
	EndGlobalSection
	GlobalSection(SolutionProperties) = preSolution
		HideSolutionNode = FALSE
	EndGlobalSection
	GlobalSection(ExtensibilityGlobals) = postSolution
		SolutionGuid = {14048229-F6C1-48B5-9D6B-A67D7DDAFED7}
	EndGlobalSection
EndGlobal
