
Microsoft Visual Studio Solution File, Format Version 12.00
# Visual Studio Version 16
VisualStudioVersion = 16.0.29613.14
MinimumVisualStudioVersion = 10.0.40219.1
Project("{FAE04EC0-301F-11D3-BF4B-00C04F79EFBC}") = "InstanceAssgn", "InstanceAssgn.csproj", "{5F4E7B4F-A7B7-4ABC-B3F4-6FA237690DC3}"
EndProject
Global
	GlobalSection(SolutionConfigurationPlatforms) = preSolution
		Debug|Any CPU = Debug|Any CPU
		Release|Any CPU = Release|Any CPU
	EndGlobalSection
	GlobalSection(ProjectConfigurationPlatforms) = postSolution
		{5F4E7B4F-A7B7-4ABC-B3F4-6FA237690DC3}.Debug|Any CPU.ActiveCfg = Debug|Any CPU
		{5F4E7B4F-A7B7-4ABC-B3F4-6FA237690DC3}.Debug|Any CPU.Build.0 = Debug|Any CPU
		{5F4E7B4F-A7B7-4ABC-B3F4-6FA237690DC3}.Release|Any CPU.ActiveCfg = Release|Any CPU
		{5F4E7B4F-A7B7-4ABC-B3F4-6FA237690DC3}.Release|Any CPU.Build.0 = Release|Any CPU
	EndGlobalSection
	GlobalSection(SolutionProperties) = preSolution
		HideSolutionNode = FALSE
	EndGlobalSection
	GlobalSection(ExtensibilityGlobals) = postSolution
		SolutionGuid = {0EA7AF2F-E853-44C1-A82D-7F0F4AE5AAD4}
	EndGlobalSection
EndGlobal
