
Microsoft Visual Studio Solution File, Format Version 12.00
# Visual Studio Version 16
VisualStudioVersion = 16.0.29613.14
MinimumVisualStudioVersion = 10.0.40219.1
Project("{FAE04EC0-301F-11D3-BF4B-00C04F79EFBC}") = "Polymorphism", "Polymorphism.csproj", "{264C749F-7889-4E9C-B22D-CF5FCE5B4652}"
EndProject
Global
	GlobalSection(SolutionConfigurationPlatforms) = preSolution
		Debug|Any CPU = Debug|Any CPU
		Release|Any CPU = Release|Any CPU
	EndGlobalSection
	GlobalSection(ProjectConfigurationPlatforms) = postSolution
		{264C749F-7889-4E9C-B22D-CF5FCE5B4652}.Debug|Any CPU.ActiveCfg = Debug|Any CPU
		{264C749F-7889-4E9C-B22D-CF5FCE5B4652}.Debug|Any CPU.Build.0 = Debug|Any CPU
		{264C749F-7889-4E9C-B22D-CF5FCE5B4652}.Release|Any CPU.ActiveCfg = Release|Any CPU
		{264C749F-7889-4E9C-B22D-CF5FCE5B4652}.Release|Any CPU.Build.0 = Release|Any CPU
	EndGlobalSection
	GlobalSection(SolutionProperties) = preSolution
		HideSolutionNode = FALSE
	EndGlobalSection
	GlobalSection(ExtensibilityGlobals) = postSolution
		SolutionGuid = {DAF99E7D-07D4-4E7B-81DA-6C956E22380E}
	EndGlobalSection
EndGlobal
